
Microsoft Visual Studio Solution File, Format Version 9.00
# Visual Studio 2005
Project("{FAE04EC0-301F-11D3-BF4B-00C04F79EFBC}") = "ClientTCP", "ClientTCP\ClientTCP.csproj", "{DCBB9BF4-E77F-49B5-AB4B-7516033C09C0}"
EndProject
Global
	GlobalSection(SolutionConfigurationPlatforms) = preSolution
		Debug|Any CPU = Debug|Any CPU
		Release|Any CPU = Release|Any CPU
	EndGlobalSection
	GlobalSection(ProjectConfigurationPlatforms) = postSolution
		{DCBB9BF4-E77F-49B5-AB4B-7516033C09C0}.Debug|Any CPU.ActiveCfg = Debug|Any CPU
		{DCBB9BF4-E77F-49B5-AB4B-7516033C09C0}.Debug|Any CPU.Build.0 = Debug|Any CPU
		{DCBB9BF4-E77F-49B5-AB4B-7516033C09C0}.Release|Any CPU.ActiveCfg = Release|Any CPU
		{DCBB9BF4-E77F-49B5-AB4B-7516033C09C0}.Release|Any CPU.Build.0 = Release|Any CPU
	EndGlobalSection
	GlobalSection(SolutionProperties) = preSolution
		HideSolutionNode = FALSE
	EndGlobalSection
EndGlobal
